PODS:
  - DACircularProgress (2.3.1)
  - MBProgressHUD (0.9.2)
  - MWPhotoBrowser (3.0.0):
    - DACircularProgress
    - MBProgressHUD (~> 0.9)
    - SDWebImage
  - SDWebImage (5.12.1):
    - SDWebImage/Core (= 5.12.1)
  - SDWebImage/Core (5.12.1)

DEPENDENCIES:
  - MWPhotoBrowser (from `https://github.com/yifan513/MWPhotoBrowser.git`)
  - SDWebImage (>= 5.0.0)

SPEC REPOS:
  https://github.com/CocoaPods/Specs.git:
    - DACircularProgress
    - MBProgressHUD
    - SDWebImage

EXTERNAL SOURCES:
  MWPhotoBrowser:
    :git: https://github.com/yifan513/MWPhotoBrowser.git

CHECKOUT OPTIONS:
  MWPhotoBrowser:
    :commit: 6ea446efc5c9832de2941a144aa5a559431fb602
    :git: https://github.com/yifan513/MWPhotoBrowser.git

SPEC CHECKSUMS:
  DACircularProgress: 4dd437c0fc3da5161cb289e07ac449493d41db71
  MBProgressHUD: 1569cf7ace17a8bac47aabfbb8580a49690386d1
  MWPhotoBrowser: 4392dee4ef92bf1473cf30518eb81782a5063eb0
  SDWebImage: 4dc3e42d9ec0c1028b960a33ac6b637bb432207b

PODFILE CHECKSUM: b3bbd730de79db5575c8f209292f7baea14249ed

COCOAPODS: 1.11.2
